
Microsoft Visual Studio Solution File, Format Version 12.00
Project("{FAE04EC0-301F-11D3-BF4B-00C04F79EFBC}") = "DanonEcsTests", "DanonEcsTests\DanonEcsTests.csproj", "{3B5AF1D3-F5DC-455D-8E66-7595821F1FF0}"
EndProject
Project("{FAE04EC0-301F-11D3-BF4B-00C04F79EFBC}") = "DanonEcsBenchmarks", "DanonEcsBenchmarks\DanonEcsBenchmarks.csproj", "{36A376D6-1864-4442-A2BB-4D1113E93C95}"
EndProject
Project("{FAE04EC0-301F-11D3-BF4B-00C04F79EFBC}") = "DanonEcs", "DanonEcs\DanonEcs.csproj", "{73E9513E-974E-4967-AD4C-01C9D882FE82}"
EndProject
Global
	GlobalSection(SolutionConfigurationPlatforms) = preSolution
		Debug|Any CPU = Debug|Any CPU
		Release|Any CPU = Release|Any CPU
	EndGlobalSection
	GlobalSection(ProjectConfigurationPlatforms) = postSolution
		{3B5AF1D3-F5DC-455D-8E66-7595821F1FF0}.Debug|Any CPU.ActiveCfg = Debug|Any CPU
		{3B5AF1D3-F5DC-455D-8E66-7595821F1FF0}.Debug|Any CPU.Build.0 = Debug|Any CPU
		{3B5AF1D3-F5DC-455D-8E66-7595821F1FF0}.Release|Any CPU.ActiveCfg = Release|Any CPU
		{3B5AF1D3-F5DC-455D-8E66-7595821F1FF0}.Release|Any CPU.Build.0 = Release|Any CPU
		{36A376D6-1864-4442-A2BB-4D1113E93C95}.Debug|Any CPU.ActiveCfg = Debug|Any CPU
		{36A376D6-1864-4442-A2BB-4D1113E93C95}.Debug|Any CPU.Build.0 = Debug|Any CPU
		{36A376D6-1864-4442-A2BB-4D1113E93C95}.Release|Any CPU.ActiveCfg = Release|Any CPU
		{36A376D6-1864-4442-A2BB-4D1113E93C95}.Release|Any CPU.Build.0 = Release|Any CPU
		{73E9513E-974E-4967-AD4C-01C9D882FE82}.Debug|Any CPU.ActiveCfg = Debug|Any CPU
		{73E9513E-974E-4967-AD4C-01C9D882FE82}.Debug|Any CPU.Build.0 = Debug|Any CPU
		{73E9513E-974E-4967-AD4C-01C9D882FE82}.Release|Any CPU.ActiveCfg = Release|Any CPU
		{73E9513E-974E-4967-AD4C-01C9D882FE82}.Release|Any CPU.Build.0 = Release|Any CPU
	EndGlobalSection
EndGlobal
